// !$*UTF8*$!
{
	archiveVersion = 1;
	classes = {
	};
	objectVersion = 56;
	objects = {

/* Begin PBXBuildFile section */
		975442C929D74AE800AA31F4 /* ContentView.swift in Sources */ = {isa = PBXBuildFile; fileRef = 975442C829D74AE800AA31F4 /* ContentView.swift */; };
		975442E129D74AE800AA31F4 /* AUv3SequencerExampleApp.swift in Sources */ = {isa = PBXBuildFile; fileRef = 975442E029D74AE800AA31F4 /* AUv3SequencerExampleApp.swift */; };
		975442E329D74AE900AA31F4 /* Assets.xcassets in Resources */ = {isa = PBXBuildFile; fileRef = 975442E229D74AE900AA31F4 /* Assets.xcassets */; };
		975442ED29D74AE900AA31F4 /* AUv3SequencerExampleAudioUnit.appex in Embed Foundation Extensions */ = {isa = PBXBuildFile; fileRef = 975442EC29D74AE900AA31F4 /* AUv3SequencerExampleAudioUnit.appex */; settings = {ATTRIBUTES = (RemoveHeadersOnCopy, ); }; };
		97BEC0812A018C88002CB243 /* README.md in Resources */ = {isa = PBXBuildFile; fileRef = 97BEC0802A018C87002CB243 /* README.md */; };
		97BEC0842A018C95002CB243 /* AudioUnitViewController.swift in Sources */ = {isa = PBXBuildFile; fileRef = 97BEC0832A018C95002CB243 /* AudioUnitViewController.swift */; };
		97BEC08A2A018CB7002CB243 /* AUv3SequencerExampleAudioUnit.mm in Sources */ = {isa = PBXBuildFile; fileRef = 97BEC0882A018CB7002CB243 /* AUv3SequencerExampleAudioUnit.mm */; };
		97BEC0922A018CCD002CB243 /* TPCircularBuffer.podspec in Resources */ = {isa = PBXBuildFile; fileRef = 97BEC08C2A018CCD002CB243 /* TPCircularBuffer.podspec */; };
		97BEC0932A018CCD002CB243 /* TPCircularBuffer.c in Sources */ = {isa = PBXBuildFile; fileRef = 97BEC08D2A018CCD002CB243 /* TPCircularBuffer.c */; };
		97BEC0942A018CCD002CB243 /* TPCircularBuffer+AudioBufferList.c in Sources */ = {isa = PBXBuildFile; fileRef = 97BEC08E2A018CCD002CB243 /* TPCircularBuffer+AudioBufferList.c */; };
		97BEC0952A018CCD002CB243 /* README.markdown in Resources */ = {isa = PBXBuildFile; fileRef = 97BEC0902A018CCD002CB243 /* README.markdown */; };
		97BEC09E2A0190B8002CB243 /* MainInterface.storyboard in Resources */ = {isa = PBXBuildFile; fileRef = 97BEC09C2A0190B8002CB243 /* MainInterface.storyboard */; };
/* End PBXBuildFile section */

/* Begin PBXContainerItemProxy section */
		975442EE29D74AE900AA31F4 /* PBXContainerItemProxy */ = {
			isa = PBXContainerItemProxy;
			containerPortal = 975442BD29D74AE800AA31F4 /* Project object */;
			proxyType = 1;
			remoteGlobalIDString = 975442EB29D74AE900AA31F4;
			remoteInfo = AUv3ExtensionExampleExtension;
		};
/* End PBXContainerItemProxy section */

/* Begin PBXCopyFilesBuildPhase section */
		9754432129D74AE900AA31F4 /* Embed Foundation Extensions */ = {
			isa = PBXCopyFilesBuildPhase;
			buildActionMask = 2147483647;
			dstPath = "";
			dstSubfolderSpec = 13;
			files = (
				975442ED29D74AE900AA31F4 /* AUv3SequencerExampleAudioUnit.appex in Embed Foundation Extensions */,
			);
			name = "Embed Foundation Extensions";
			runOnlyForDeploymentPostprocessing = 0;
		};
/* End PBXCopyFilesBuildPhase section */

/* Begin PBXFileReference section */
		975442C529D74AE800AA31F4 /* AUv3SequencerExample.app */ = {isa = PBXFileReference; explicitFileType = wrapper.application; includeInIndex = 0; path = AUv3SequencerExample.app; sourceTree = BUILT_PRODUCTS_DIR; };
		975442C829D74AE800AA31F4 /* ContentView.swift */ = {isa = PBXFileReference; lastKnownFileType = sourcecode.swift; path = ContentView.swift; sourceTree = "<group>"; };
		975442E029D74AE800AA31F4 /* AUv3SequencerExampleApp.swift */ = {isa = PBXFileReference; lastKnownFileType = sourcecode.swift; path = AUv3SequencerExampleApp.swift; sourceTree = "<group>"; };
		975442E229D74AE900AA31F4 /* Assets.xcassets */ = {isa = PBXFileReference; lastKnownFileType = folder.assetcatalog; path = Assets.xcassets; sourceTree = "<group>"; };
		975442E729D74AE900AA31F4 /* AUv3SequencerExample.entitlements */ = {isa = PBXFileReference; lastKnownFileType = text.plist.entitlements; path = AUv3SequencerExample.entitlements; sourceTree = "<group>"; };
		975442EC29D74AE900AA31F4 /* AUv3SequencerExampleAudioUnit.appex */ = {isa = PBXFileReference; explicitFileType = "wrapper.app-extension"; includeInIndex = 0; path = AUv3SequencerExampleAudioUnit.appex; sourceTree = BUILT_PRODUCTS_DIR; };
		97BEC07D2A018C7A002CB243 /* AUv3SequencerExampleExtension-Bridging-Header.h */ = {isa = PBXFileReference; fileEncoding = 4; lastKnownFileType = sourcecode.c.h; name = "AUv3SequencerExampleExtension-Bridging-Header.h"; path = "AUv3SequencerExampleExtension/AUv3SequencerExampleExtension-Bridging-Header.h"; sourceTree = SOURCE_ROOT; };
		97BEC0802A018C87002CB243 /* README.md */ = {isa = PBXFileReference; fileEncoding = 4; lastKnownFileType = net.daringfireball.markdown; name = README.md; path = AUv3SequencerExampleExtension/README.md; sourceTree = SOURCE_ROOT; };
		97BEC0832A018C95002CB243 /* AudioUnitViewController.swift */ = {isa = PBXFileReference; fileEncoding = 4; lastKnownFileType = sourcecode.swift; name = AudioUnitViewController.swift; path = AUv3SequencerExampleExtension/UI/AudioUnitViewController.swift; sourceTree = SOURCE_ROOT; };
		97BEC0882A018CB7002CB243 /* AUv3SequencerExampleAudioUnit.mm */ = {isa = PBXFileReference; fileEncoding = 4; lastKnownFileType = sourcecode.cpp.objcpp; name = AUv3SequencerExampleAudioUnit.mm; path = "AUv3SequencerExampleExtension/Audio Unit/AUv3SequencerExampleAudioUnit.mm"; sourceTree = SOURCE_ROOT; };
		97BEC0892A018CB7002CB243 /* AUv3SequencerExampleAudioUnit.h */ = {isa = PBXFileReference; fileEncoding = 4; lastKnownFileType = sourcecode.c.h; name = AUv3SequencerExampleAudioUnit.h; path = "AUv3SequencerExampleExtension/Audio Unit/AUv3SequencerExampleAudioUnit.h"; sourceTree = SOURCE_ROOT; };
		97BEC08C2A018CCD002CB243 /* TPCircularBuffer.podspec */ = {isa = PBXFileReference; lastKnownFileType = file; name = TPCircularBuffer.podspec; path = "AUv3SequencerExampleExtension/Audio Unit/TPCircularBuffer/TPCircularBuffer.podspec"; sourceTree = SOURCE_ROOT; };
		97BEC08D2A018CCD002CB243 /* TPCircularBuffer.c */ = {isa = PBXFileReference; fileEncoding = 4; lastKnownFileType = sourcecode.c.c; name = TPCircularBuffer.c; path = "AUv3SequencerExampleExtension/Audio Unit/TPCircularBuffer/TPCircularBuffer.c"; sourceTree = SOURCE_ROOT; };
		97BEC08E2A018CCD002CB243 /* TPCircularBuffer+AudioBufferList.c */ = {isa = PBXFileReference; fileEncoding = 4; lastKnownFileType = sourcecode.c.c; name = "TPCircularBuffer+AudioBufferList.c"; path = "AUv3SequencerExampleExtension/Audio Unit/TPCircularBuffer/TPCircularBuffer+AudioBufferList.c"; sourceTree = SOURCE_ROOT; };
		97BEC08F2A018CCD002CB243 /* TPCircularBuffer.h */ = {isa = PBXFileReference; fileEncoding = 4; lastKnownFileType = sourcecode.c.h; name = TPCircularBuffer.h; path = "AUv3SequencerExampleExtension/Audio Unit/TPCircularBuffer/TPCircularBuffer.h"; sourceTree = SOURCE_ROOT; };
		97BEC0902A018CCD002CB243 /* README.markdown */ = {isa = PBXFileReference; fileEncoding = 4; lastKnownFileType = net.daringfireball.markdown; name = README.markdown; path = "AUv3SequencerExampleExtension/Audio Unit/TPCircularBuffer/README.markdown"; sourceTree = SOURCE_ROOT; };
		97BEC0912A018CCD002CB243 /* TPCircularBuffer+AudioBufferList.h */ = {isa = PBXFileReference; fileEncoding = 4; lastKnownFileType = sourcecode.c.h; name = "TPCircularBuffer+AudioBufferList.h"; path = "AUv3SequencerExampleExtension/Audio Unit/TPCircularBuffer/TPCircularBuffer+AudioBufferList.h"; sourceTree = SOURCE_ROOT; };
		97BEC0992A018DEB002CB243 /* Info.plist */ = {isa = PBXFileReference; lastKnownFileType = text.plist; name = Info.plist; path = AUv3SequencerExampleExtension/Info.plist; sourceTree = SOURCE_ROOT; };
		97BEC09D2A0190B8002CB243 /* Base */ = {isa = PBXFileReference; lastKnownFileType = file.storyboard; name = Base; path = AUv3SequencerExampleExtension/UI/Base.lproj/MainInterface.storyboard; sourceTree = SOURCE_ROOT; };
/* End PBXFileReference section */

/* Begin PBXFrameworksBuildPhase section */
		975442C229D74AE800AA31F4 /* Frameworks */ = {
			isa = PBXFrameworksBuildPhase;
			buildActionMask = 2147483647;
			files = (
			);
			runOnlyForDeploymentPostprocessing = 0;
		};
		975442E929D74AE900AA31F4 /* Frameworks */ = {
			isa = PBXFrameworksBuildPhase;
			buildActionMask = 2147483647;
			files = (
			);
			runOnlyForDeploymentPostprocessing = 0;
		};
/* End PBXFrameworksBuildPhase section */

/* Begin PBXGroup section */
		975442BC29D74AE800AA31F4 = {
			isa = PBXGroup;
			children = (
				97BEC07C2A018C40002CB243 /* AUv3SequencerExampleAudioUnit */,
				975442C729D74AE800AA31F4 /* AUv3SequencerExample */,
				975442C629D74AE800AA31F4 /* Products */,
			);
			sourceTree = "<group>";
		};
		975442C629D74AE800AA31F4 /* Products */ = {
			isa = PBXGroup;
			children = (
				975442C529D74AE800AA31F4 /* AUv3SequencerExample.app */,
				975442EC29D74AE900AA31F4 /* AUv3SequencerExampleAudioUnit.appex */,
			);
			name = Products;
			sourceTree = "<group>";
		};
		975442C729D74AE800AA31F4 /* AUv3SequencerExample */ = {
			isa = PBXGroup;
			children = (
				975442C829D74AE800AA31F4 /* ContentView.swift */,
				975442E029D74AE800AA31F4 /* AUv3SequencerExampleApp.swift */,
				975442E229D74AE900AA31F4 /* Assets.xcassets */,
				975442E729D74AE900AA31F4 /* AUv3SequencerExample.entitlements */,
			);
			path = AUv3SequencerExample;
			sourceTree = "<group>";
		};
		97BEC07C2A018C40002CB243 /* AUv3SequencerExampleAudioUnit */ = {
			isa = PBXGroup;
			children = (
				97BEC0872A018CA8002CB243 /* Audio Unit */,
				97BEC0822A018C8D002CB243 /* UI */,
				97BEC07D2A018C7A002CB243 /* AUv3SequencerExampleExtension-Bridging-Header.h */,
				97BEC0802A018C87002CB243 /* README.md */,
				97BEC0992A018DEB002CB243 /* Info.plist */,
			);
			path = AUv3SequencerExampleAudioUnit;
			sourceTree = "<group>";
		};
		97BEC0822A018C8D002CB243 /* UI */ = {
			isa = PBXGroup;
			children = (
				97BEC09B2A0190AC002CB243 /* Base.lproj */,
				97BEC0832A018C95002CB243 /* AudioUnitViewController.swift */,
			);
			path = UI;
			sourceTree = "<group>";
		};
		97BEC0872A018CA8002CB243 /* Audio Unit */ = {
			isa = PBXGroup;
			children = (
				97BEC08B2A018CC1002CB243 /* TPCircularBuffer */,
				97BEC0892A018CB7002CB243 /* AUv3SequencerExampleAudioUnit.h */,
				97BEC0882A018CB7002CB243 /* AUv3SequencerExampleAudioUnit.mm */,
			);
			path = "Audio Unit";
			sourceTree = "<group>";
		};
		97BEC08B2A018CC1002CB243 /* TPCircularBuffer */ = {
			isa = PBXGroup;
			children = (
				97BEC0902A018CCD002CB243 /* README.markdown */,
				97BEC08D2A018CCD002CB243 /* TPCircularBuffer.c */,
				97BEC08F2A018CCD002CB243 /* TPCircularBuffer.h */,
				97BEC08C2A018CCD002CB243 /* TPCircularBuffer.podspec */,
				97BEC08E2A018CCD002CB243 /* TPCircularBuffer+AudioBufferList.c */,
				97BEC0912A018CCD002CB243 /* TPCircularBuffer+AudioBufferList.h */,
			);
			path = TPCircularBuffer;
			sourceTree = "<group>";
		};
		97BEC09B2A0190AC002CB243 /* Base.lproj */ = {
			isa = PBXGroup;
			children = (
				97BEC09C2A0190B8002CB243 /* MainInterface.storyboard */,
			);
			path = Base.lproj;
			sourceTree = "<group>";
		};
/* End PBXGroup section */

/* Begin PBXNativeTarget section */
		975442C429D74AE800AA31F4 /* AUv3SequencerExample */ = {
			isa = PBXNativeTarget;
			buildConfigurationList = 9754432229D74AE900AA31F4 /* Build configuration list for PBXNativeTarget "AUv3SequencerExample" */;
			buildPhases = (
				975442C129D74AE800AA31F4 /* Sources */,
				975442C229D74AE800AA31F4 /* Frameworks */,
				975442C329D74AE800AA31F4 /* Resources */,
				9754432129D74AE900AA31F4 /* Embed Foundation Extensions */,
			);
			buildRules = (
			);
			dependencies = (
				975442EF29D74AE900AA31F4 /* PBXTargetDependency */,
			);
			name = AUv3SequencerExample;
			productName = AUv3ExtensionExample;
			productReference = 975442C529D74AE800AA31F4 /* AUv3SequencerExample.app */;
			productType = "com.apple.product-type.application";
		};
		975442EB29D74AE900AA31F4 /* AUv3SequencerExampleAudioUnit */ = {
			isa = PBXNativeTarget;
			buildConfigurationList = 9754431E29D74AE900AA31F4 /* Build configuration list for PBXNativeTarget "AUv3SequencerExampleAudioUnit" */;
			buildPhases = (
				975442E829D74AE900AA31F4 /* Sources */,
				975442E929D74AE900AA31F4 /* Frameworks */,
				975442EA29D74AE900AA31F4 /* Resources */,
			);
			buildRules = (
			);
			dependencies = (
			);
			name = AUv3SequencerExampleAudioUnit;
			productName = AUv3ExtensionExampleExtension;
			productReference = 975442EC29D74AE900AA31F4 /* AUv3SequencerExampleAudioUnit.appex */;
			productType = "com.apple.product-type.app-extension";
		};
/* End PBXNativeTarget section */

/* Begin PBXProject section */
		975442BD29D74AE800AA31F4 /* Project object */ = {
			isa = PBXProject;
			attributes = {
				BuildIndependentTargetsInParallel = 1;
				LastSwiftUpdateCheck = 1420;
				LastUpgradeCheck = 1420;
				TargetAttributes = {
					975442C429D74AE800AA31F4 = {
						CreatedOnToolsVersion = 14.2;
					};
					975442EB29D74AE900AA31F4 = {
						CreatedOnToolsVersion = 14.2;
					};
				};
			};
			buildConfigurationList = 975442C029D74AE800AA31F4 /* Build configuration list for PBXProject "AUv3SequencerExample" */;
			compatibilityVersion = "Xcode 14.0";
			developmentRegion = en;
			hasScannedForEncodings = 0;
			knownRegions = (
				en,
				Base,
			);
			mainGroup = 975442BC29D74AE800AA31F4;
			productRefGroup = 975442C629D74AE800AA31F4 /* Products */;
			projectDirPath = "";
			projectRoot = "";
			targets = (
				975442C429D74AE800AA31F4 /* AUv3SequencerExample */,
				975442EB29D74AE900AA31F4 /* AUv3SequencerExampleAudioUnit */,
			);
		};
/* End PBXProject section */

/* Begin PBXResourcesBuildPhase section */
		975442C329D74AE800AA31F4 /* Resources */ = {
			isa = PBXResourcesBuildPhase;
			buildActionMask = 2147483647;
			files = (
				975442E329D74AE900AA31F4 /* Assets.xcassets in Resources */,
			);
			runOnlyForDeploymentPostprocessing = 0;
		};
		975442EA29D74AE900AA31F4 /* Resources */ = {
			isa = PBXResourcesBuildPhase;
			buildActionMask = 2147483647;
			files = (
				97BEC0812A018C88002CB243 /* README.md in Resources */,
				97BEC09E2A0190B8002CB243 /* MainInterface.storyboard in Resources */,
				97BEC0952A018CCD002CB243 /* README.markdown in Resources */,
				97BEC0922A018CCD002CB243 /* TPCircularBuffer.podspec in Resources */,
			);
			runOnlyForDeploymentPostprocessing = 0;
		};
/* End PBXResourcesBuildPhase section */

/* Begin PBXSourcesBuildPhase section */
		975442C129D74AE800AA31F4 /* Sources */ = {
			isa = PBXSourcesBuildPhase;
			buildActionMask = 2147483647;
			files = (
				975442C929D74AE800AA31F4 /* ContentView.swift in Sources */,
				975442E129D74AE800AA31F4 /* AUv3SequencerExampleApp.swift in Sources */,
			);
			runOnlyForDeploymentPostprocessing = 0;
		};
		975442E829D74AE900AA31F4 /* Sources */ = {
			isa = PBXSourcesBuildPhase;
			buildActionMask = 2147483647;
			files = (
				97BEC0932A018CCD002CB243 /* TPCircularBuffer.c in Sources */,
				97BEC0942A018CCD002CB243 /* TPCircularBuffer+AudioBufferList.c in Sources */,
				97BEC08A2A018CB7002CB243 /* AUv3SequencerExampleAudioUnit.mm in Sources */,
				97BEC0842A018C95002CB243 /* AudioUnitViewController.swift in Sources */,
			);
			runOnlyForDeploymentPostprocessing = 0;
		};
/* End PBXSourcesBuildPhase section */

/* Begin PBXTargetDependency section */
		975442EF29D74AE900AA31F4 /* PBXTargetDependency */ = {
			isa = PBXTargetDependency;
			target = 975442EB29D74AE900AA31F4 /* AUv3SequencerExampleAudioUnit */;
			targetProxy = 975442EE29D74AE900AA31F4 /* PBXContainerItemProxy */;
		};
/* End PBXTargetDependency section */

/* Begin PBXVariantGroup section */
		97BEC09C2A0190B8002CB243 /* MainInterface.storyboard */ = {
			isa = PBXVariantGroup;
			children = (
				97BEC09D2A0190B8002CB243 /* Base */,
			);
			name = MainInterface.storyboard;
			sourceTree = "<group>";
		};
/* End PBXVariantGroup section */

/* Begin XCBuildConfiguration section */
		9754431C29D74AE900AA31F4 /* Debug */ = {
			isa = XCBuildConfiguration;
			buildSettings = {
				ALWAYS_SEARCH_USER_PATHS = NO;
				CLANG_ANALYZER_NONNULL = YES;
				CLANG_ANALYZER_NUMBER_OBJECT_CONVERSION = YES_AGGRESSIVE;
				CLANG_CXX_LANGUAGE_STANDARD = "gnu++20";
				CLANG_ENABLE_MODULES = YES;
				CLANG_ENABLE_OBJC_ARC = YES;
				CLANG_ENABLE_OBJC_WEAK = YES;
				CLANG_WARN_BLOCK_CAPTURE_AUTORELEASING = YES;
				CLANG_WARN_BOOL_CONVERSION = YES;
				CLANG_WARN_COMMA = YES;
				CLANG_WARN_CONSTANT_CONVERSION = YES;
				CLANG_WARN_DEPRECATED_OBJC_IMPLEMENTATIONS = YES;
				CLANG_WARN_DIRECT_OBJC_ISA_USAGE = YES_ERROR;
				CLANG_WARN_DOCUMENTATION_COMMENTS = YES;
				CLANG_WARN_EMPTY_BODY = YES;
				CLANG_WARN_ENUM_CONVERSION = YES;
				CLANG_WARN_INFINITE_RECURSION = YES;
				CLANG_WARN_INT_CONVERSION = YES;
				CLANG_WARN_NON_LITERAL_NULL_CONVERSION = YES;
				CLANG_WARN_OBJC_IMPLICIT_RETAIN_SELF = YES;
				CLANG_WARN_OBJC_LITERAL_CONVERSION = YES;
				CLANG_WARN_OBJC_ROOT_CLASS = YES_ERROR;
				CLANG_WARN_QUOTED_INCLUDE_IN_FRAMEWORK_HEADER = YES;
				CLANG_WARN_RANGE_LOOP_ANALYSIS = YES;
				CLANG_WARN_STRICT_PROTOTYPES = YES;
				CLANG_WARN_SUSPICIOUS_MOVE = YES;
				CLANG_WARN_UNGUARDED_AVAILABILITY = YES_AGGRESSIVE;
				CLANG_WARN_UNREACHABLE_CODE = YES;
				CLANG_WARN__DUPLICATE_METHOD_MATCH = YES;
				CODE_SIGN_ENTITLEMENTS = AUv3ExtensionExample/AUv3ExtensionExample.entitlements;
				COPY_PHASE_STRIP = NO;
				DEBUG_INFORMATION_FORMAT = dwarf;
				ENABLE_STRICT_OBJC_MSGSEND = YES;
				ENABLE_TESTABILITY = YES;
				GCC_C_LANGUAGE_STANDARD = gnu11;
				GCC_DYNAMIC_NO_PIC = NO;
				GCC_NO_COMMON_BLOCKS = YES;
				GCC_OPTIMIZATION_LEVEL = 0;
				GCC_PREPROCESSOR_DEFINITIONS = (
					"DEBUG=1",
					"$(inherited)",
				);
				GCC_WARN_64_TO_32_BIT_CONVERSION = YES;
				GCC_WARN_ABOUT_RETURN_TYPE = YES_ERROR;
				GCC_WARN_UNDECLARED_SELECTOR = YES;
				GCC_WARN_UNINITIALIZED_AUTOS = YES_AGGRESSIVE;
				GCC_WARN_UNUSED_FUNCTION = YES;
				GCC_WARN_UNUSED_VARIABLE = YES;
				IPHONEOS_DEPLOYMENT_TARGET = 16.2;
				MTL_ENABLE_DEBUG_INFO = INCLUDE_SOURCE;
				MTL_FAST_MATH = YES;
				ONLY_ACTIVE_ARCH = YES;
				SDKROOT = iphoneos;
				SWIFT_ACTIVE_COMPILATION_CONDITIONS = DEBUG;
				SWIFT_OPTIMIZATION_LEVEL = "-Onone";
			};
			name = Debug;
		};
		9754431D29D74AE900AA31F4 /* Release */ = {
			isa = XCBuildConfiguration;
			buildSettings = {
				ALWAYS_SEARCH_USER_PATHS = NO;
				CLANG_ANALYZER_NONNULL = YES;
				CLANG_ANALYZER_NUMBER_OBJECT_CONVERSION = YES_AGGRESSIVE;
				CLANG_CXX_LANGUAGE_STANDARD = "gnu++20";
				CLANG_ENABLE_MODULES = YES;
				CLANG_ENABLE_OBJC_ARC = YES;
				CLANG_ENABLE_OBJC_WEAK = YES;
				CLANG_WARN_BLOCK_CAPTURE_AUTORELEASING = YES;
				CLANG_WARN_BOOL_CONVERSION = YES;
				CLANG_WARN_COMMA = YES;
				CLANG_WARN_CONSTANT_CONVERSION = YES;
				CLANG_WARN_DEPRECATED_OBJC_IMPLEMENTATIONS = YES;
				CLANG_WARN_DIRECT_OBJC_ISA_USAGE = YES_ERROR;
				CLANG_WARN_DOCUMENTATION_COMMENTS = YES;
				CLANG_WARN_EMPTY_BODY = YES;
				CLANG_WARN_ENUM_CONVERSION = YES;
				CLANG_WARN_INFINITE_RECURSION = YES;
				CLANG_WARN_INT_CONVERSION = YES;
				CLANG_WARN_NON_LITERAL_NULL_CONVERSION = YES;
				CLANG_WARN_OBJC_IMPLICIT_RETAIN_SELF = YES;
				CLANG_WARN_OBJC_LITERAL_CONVERSION = YES;
				CLANG_WARN_OBJC_ROOT_CLASS = YES_ERROR;
				CLANG_WARN_QUOTED_INCLUDE_IN_FRAMEWORK_HEADER = YES;
				CLANG_WARN_RANGE_LOOP_ANALYSIS = YES;
				CLANG_WARN_STRICT_PROTOTYPES = YES;
				CLANG_WARN_SUSPICIOUS_MOVE = YES;
				CLANG_WARN_UNGUARDED_AVAILABILITY = YES_AGGRESSIVE;
				CLANG_WARN_UNREACHABLE_CODE = YES;
				CLANG_WARN__DUPLICATE_METHOD_MATCH = YES;
				CODE_SIGN_ENTITLEMENTS = AUv3ExtensionExample/AUv3ExtensionExample.entitlements;
				COPY_PHASE_STRIP = NO;
				DEBUG_INFORMATION_FORMAT = "dwarf-with-dsym";
				ENABLE_NS_ASSERTIONS = NO;
				ENABLE_STRICT_OBJC_MSGSEND = YES;
				GCC_C_LANGUAGE_STANDARD = gnu11;
				GCC_NO_COMMON_BLOCKS = YES;
				GCC_WARN_64_TO_32_BIT_CONVERSION = YES;
				GCC_WARN_ABOUT_RETURN_TYPE = YES_ERROR;
				GCC_WARN_UNDECLARED_SELECTOR = YES;
				GCC_WARN_UNINITIALIZED_AUTOS = YES_AGGRESSIVE;
				GCC_WARN_UNUSED_FUNCTION = YES;
				GCC_WARN_UNUSED_VARIABLE = YES;
				IPHONEOS_DEPLOYMENT_TARGET = 16.2;
				MTL_ENABLE_DEBUG_INFO = NO;
				MTL_FAST_MATH = YES;
				SDKROOT = iphoneos;
				SWIFT_COMPILATION_MODE = wholemodule;
				SWIFT_OPTIMIZATION_LEVEL = "-O";
				VALIDATE_PRODUCT = YES;
			};
			name = Release;
		};
		9754431F29D74AE900AA31F4 /* Debug */ = {
			isa = XCBuildConfiguration;
			buildSettings = {
				CLANG_CXX_LANGUAGE_STANDARD = "c++20";
				CLANG_CXX_LIBRARY = "libc++";
				CODE_SIGN_ENTITLEMENTS = AUv3SequencerExample/AUv3SequencerExample.entitlements;
				CODE_SIGN_STYLE = Automatic;
				CURRENT_PROJECT_VERSION = 1;
				DEVELOPMENT_TEAM = 5GWBH83EBX;
				GENERATE_INFOPLIST_FILE = YES;
				INFOPLIST_FILE = AUv3SequencerExampleExtension/Info.plist;
				INFOPLIST_KEY_CFBundleDisplayName = AUv3SequencerExampleExtension;
				INFOPLIST_KEY_NSHumanReadableCopyright = "";
				LD_RUNPATH_SEARCH_PATHS = (
					"$(inherited)",
					"@executable_path/Frameworks",
					"@executable_path/../../Frameworks",
				);
				MARKETING_VERSION = 1.0;
				PRODUCT_BUNDLE_IDENTIFIER = cp3.io.AUv3SequencerExample.AUv3SequencerExampleExtension;
				PRODUCT_NAME = "$(TARGET_NAME)";
				SKIP_INSTALL = YES;
				SWIFT_EMIT_LOC_STRINGS = YES;
				SWIFT_OBJC_BRIDGING_HEADER = "AUv3SequencerExampleExtension/AUv3SequencerExampleExtension-Bridging-Header.h";
				SWIFT_VERSION = 5.0;
				TARGETED_DEVICE_FAMILY = "1,2";
			};
			name = Debug;
		};
		9754432029D74AE900AA31F4 /* Release */ = {
			isa = XCBuildConfiguration;
			buildSettings = {
				CLANG_CXX_LANGUAGE_STANDARD = "c++20";
				CLANG_CXX_LIBRARY = "libc++";
				CODE_SIGN_ENTITLEMENTS = AUv3SequencerExample/AUv3SequencerExample.entitlements;
				CODE_SIGN_STYLE = Automatic;
				CURRENT_PROJECT_VERSION = 1;
				DEVELOPMENT_TEAM = 5GWBH83EBX;
				GENERATE_INFOPLIST_FILE = YES;
				INFOPLIST_FILE = AUv3SequencerExampleExtension/Info.plist;
				INFOPLIST_KEY_CFBundleDisplayName = AUv3SequencerExampleExtension;
				INFOPLIST_KEY_NSHumanReadableCopyright = "";
				LD_RUNPATH_SEARCH_PATHS = (
					"$(inherited)",
					"@executable_path/Frameworks",
					"@executable_path/../../Frameworks",
				);
				MARKETING_VERSION = 1.0;
				PRODUCT_BUNDLE_IDENTIFIER = cp3.io.AUv3SequencerExample.AUv3SequencerExampleExtension;
				PRODUCT_NAME = "$(TARGET_NAME)";
				SKIP_INSTALL = YES;
				SWIFT_EMIT_LOC_STRINGS = YES;
				SWIFT_OBJC_BRIDGING_HEADER = "AUv3SequencerExampleExtension/AUv3SequencerExampleExtension-Bridging-Header.h";
				SWIFT_VERSION = 5.0;
				TARGETED_DEVICE_FAMILY = "1,2";
			};
			name = Release;
		};
		9754432329D74AE900AA31F4 /* Debug */ = {
			isa = XCBuildConfiguration;
			buildSettings = {
				ALWAYS_EMBED_SWIFT_STANDARD_LIBRARIES = YES;
				ASSETCATALOG_COMPILER_APPICON_NAME = AppIcon;
				ASSETCATALOG_COMPILER_GLOBAL_ACCENT_COLOR_NAME = AccentColor;
				CODE_SIGN_ENTITLEMENTS = AUv3SequencerExample/AUv3SequencerExample.entitlements;
				CODE_SIGN_STYLE = Automatic;
				CURRENT_PROJECT_VERSION = 1;
				DEVELOPMENT_ASSET_PATHS = "";
				DEVELOPMENT_TEAM = 5GWBH83EBX;
				ENABLE_PREVIEWS = YES;
				GENERATE_INFOPLIST_FILE = YES;
				INFOPLIST_KEY_CFBundleDisplayName = AUv3SequencerExample;
				INFOPLIST_KEY_UIApplicationSceneManifest_Generation = YES;
				INFOPLIST_KEY_UIApplicationSupportsIndirectInputEvents = YES;
				INFOPLIST_KEY_UILaunchScreen_Generation = YES;
				INFOPLIST_KEY_UISupportedInterfaceOrientations_iPad = "UIInterfaceOrientationPortrait UIInterfaceOrientationPortraitUpsideDown UIInterfaceOrientationLandscapeLeft UIInterfaceOrientationLandscapeRight";
				INFOPLIST_KEY_UISupportedInterfaceOrientations_iPhone = "UIInterfaceOrientationPortrait UIInterfaceOrientationLandscapeLeft UIInterfaceOrientationLandscapeRight";
				IPHONEOS_DEPLOYMENT_TARGET = 15.0;
				LD_RUNPATH_SEARCH_PATHS = (
					"$(inherited)",
					"@executable_path/Frameworks",
				);
				MARKETING_VERSION = 1.0;
				PRODUCT_BUNDLE_IDENTIFIER = cp3.io.AUv3SequencerExample;
				PRODUCT_NAME = "$(TARGET_NAME)";
				SWIFT_EMIT_LOC_STRINGS = YES;
				SWIFT_VERSION = 5.0;
				TARGETED_DEVICE_FAMILY = "1,2";
			};
			name = Debug;
		};
		9754432429D74AE900AA31F4 /* Release */ = {
			isa = XCBuildConfiguration;
			buildSettings = {
				ALWAYS_EMBED_SWIFT_STANDARD_LIBRARIES = YES;
				ASSETCATALOG_COMPILER_APPICON_NAME = AppIcon;
				ASSETCATALOG_COMPILER_GLOBAL_ACCENT_COLOR_NAME = AccentColor;
				CODE_SIGN_ENTITLEMENTS = AUv3SequencerExample/AUv3SequencerExample.entitlements;
				CODE_SIGN_STYLE = Automatic;
				CURRENT_PROJECT_VERSION = 1;
				DEVELOPMENT_ASSET_PATHS = "";
				DEVELOPMENT_TEAM = 5GWBH83EBX;
				ENABLE_PREVIEWS = YES;
				GENERATE_INFOPLIST_FILE = YES;
				INFOPLIST_KEY_CFBundleDisplayName = AUv3SequencerExample;
				INFOPLIST_KEY_UIApplicationSceneManifest_Generation = YES;
				INFOPLIST_KEY_UIApplicationSupportsIndirectInputEvents = YES;
				INFOPLIST_KEY_UILaunchScreen_Generation = YES;
				INFOPLIST_KEY_UISupportedInterfaceOrientations_iPad = "UIInterfaceOrientationPortrait UIInterfaceOrientationPortraitUpsideDown UIInterfaceOrientationLandscapeLeft UIInterfaceOrientationLandscapeRight";
				INFOPLIST_KEY_UISupportedInterfaceOrientations_iPhone = "UIInterfaceOrientationPortrait UIInterfaceOrientationLandscapeLeft UIInterfaceOrientationLandscapeRight";
				IPHONEOS_DEPLOYMENT_TARGET = 15.0;
				LD_RUNPATH_SEARCH_PATHS = (
					"$(inherited)",
					"@executable_path/Frameworks",
				);
				MARKETING_VERSION = 1.0;
				PRODUCT_BUNDLE_IDENTIFIER = cp3.io.AUv3SequencerExample;
				PRODUCT_NAME = "$(TARGET_NAME)";
				SWIFT_EMIT_LOC_STRINGS = YES;
				SWIFT_VERSION = 5.0;
				TARGETED_DEVICE_FAMILY = "1,2";
			};
			name = Release;
		};
/* End XCBuildConfiguration section */

/* Begin XCConfigurationList section */
		975442C029D74AE800AA31F4 /* Build configuration list for PBXProject "AUv3SequencerExample" */ = {
			isa = XCConfigurationList;
			buildConfigurations = (
				9754431C29D74AE900AA31F4 /* Debug */,
				9754431D29D74AE900AA31F4 /* Release */,
			);
			defaultConfigurationIsVisible = 0;
			defaultConfigurationName = Release;
		};
		9754431E29D74AE900AA31F4 /* Build configuration list for PBXNativeTarget "AUv3SequencerExampleAudioUnit" */ = {
			isa = XCConfigurationList;
			buildConfigurations = (
				9754431F29D74AE900AA31F4 /* Debug */,
				9754432029D74AE900AA31F4 /* Release */,
			);
			defaultConfigurationIsVisible = 0;
			defaultConfigurationName = Release;
		};
		9754432229D74AE900AA31F4 /* Build configuration list for PBXNativeTarget "AUv3SequencerExample" */ = {
			isa = XCConfigurationList;
			buildConfigurations = (
				9754432329D74AE900AA31F4 /* Debug */,
				9754432429D74AE900AA31F4 /* Release */,
			);
			defaultConfigurationIsVisible = 0;
			defaultConfigurationName = Release;
		};
/* End XCConfigurationList section */
	};
	rootObject = 975442BD29D74AE800AA31F4 /* Project object */;
}
